<?xml version="1.0" encoding="utf-8"?>
<Project ToolsVersion="4.0" xmlns="http://schemas.microsoft.com/developer/msbuild/2003">
  <ItemGroup>
    <Filter Include="Source Files">
      <UniqueIdentifier>{4FC737F1-C7A5-4376-A066-2A32D752A2FF}</UniqueIdentifier>
      <Extensions>cpp;c;cc;cxx;c++;cppm;ixx;def;odl;idl;hpj;bat;asm;asmx</Extensions>
    </Filter>
    <Filter Include="Resource Files">
      <UniqueIdentifier>{67DA6AB6-F800-4c08-8B7A-83BB121AAD01}</UniqueIdentifier>
      <Extensions>rc;ico;cur;bmp;dlg;rc2;rct;bin;rgs;gif;jpg;jpeg;jpe;resx;tiff;tif;png;wav;mfcribbon-ms</Extensions>
    </Filter>
    <Filter Include="Header Files">
      <UniqueIdentifier>{93995380-89BD-4b04-88EB-625FBE52EBFB}</UniqueIdentifier>
      <Extensions>h;hh;hpp;hxx;h++;hm;inl;inc;ipp;xsd</Extensions>
    </Filter>
    <Filter Include="Header Files\Recursion">
      <UniqueIdentifier>{1a82ce7b-eb58-4427-a2d4-438b2cc6d6ae}</UniqueIdentifier>
    </Filter>
    <Filter Include="Source Files\Recursion">
      <UniqueIdentifier>{07e20516-3fae-4dcb-9e7f-38e2ad127003}</UniqueIdentifier>
    </Filter>
  </ItemGroup>
  <ItemGroup>
    <ClCompile Include="main.cpp">
      <Filter>Source Files</Filter>
    </ClCompile>
    <ClCompile Include="passing_argument.cpp">
      <Filter>Source Files</Filter>
    </ClCompile>
    <ClCompile Include="passing_arrays.cpp">
      <Filter>Source Files</Filter>
    </ClCompile>
    <ClCompile Include="Multiply.cpp">
      <Filter>Source Files</Filter>
    </ClCompile>
    <ClCompile Include="pass_by_value.cpp">
      <Filter>Source Files</Filter>
    </ClCompile>
    <ClCompile Include="pass_by_reference.cpp">
      <Filter>Source Files</Filter>
    </ClCompile>
    <ClCompile Include="function_pointers.cpp">
      <Filter>Source Files</Filter>
    </ClCompile>
    <ClCompile Include="function_overloading.cpp">
      <Filter>Source Files</Filter>
    </ClCompile>
    <ClCompile Include="variable_num_arguments.cpp">
      <Filter>Source Files</Filter>
    </ClCompile>
    <ClCompile Include="recursive_functions.cpp">
      <Filter>Source Files\Recursion</Filter>
    </ClCompile>
    <ClCompile Include="Math.cpp">
      <Filter>Source Files</Filter>
    </ClCompile>
  </ItemGroup>
  <ItemGroup>
    <ClInclude Include="passing_argument.h">
      <Filter>Header Files</Filter>
    </ClInclude>
    <ClInclude Include="passing_arrays.h">
      <Filter>Header Files</Filter>
    </ClInclude>
    <ClInclude Include="Multiply.h">
      <Filter>Header Files</Filter>
    </ClInclude>
    <ClInclude Include="pass_by_value.h">
      <Filter>Header Files</Filter>
    </ClInclude>
    <ClInclude Include="pass_by_reference.h">
      <Filter>Header Files</Filter>
    </ClInclude>
    <ClInclude Include="helper_classes.h">
      <Filter>Header Files</Filter>
    </ClInclude>
    <ClInclude Include="automatic_vs_static_storage.h">
      <Filter>Header Files</Filter>
    </ClInclude>
    <ClInclude Include="helper_functions.h">
      <Filter>Header Files</Filter>
    </ClInclude>
    <ClInclude Include="function_pointers.h">
      <Filter>Header Files</Filter>
    </ClInclude>
    <ClInclude Include="function_overloading.hpp">
      <Filter>Header Files</Filter>
    </ClInclude>
    <ClInclude Include="variable_num_arguments.hpp">
      <Filter>Header Files</Filter>
    </ClInclude>
    <ClInclude Include="recursive_functions.h">
      <Filter>Header Files\Recursion</Filter>
    </ClInclude>
    <ClInclude Include="Math.h">
      <Filter>Header Files</Filter>
    </ClInclude>
  </ItemGroup>
</Project>