
Microsoft Visual Studio Solution File, Format Version 12.00
# Visual Studio Version 17
VisualStudioVersion = 17.0.32112.339
MinimumVisualStudioVersion = 10.0.40219.1
Project("{2150E333-8FDC-42A3-9474-1A3956D46DE8}") = "Solution Items", "Solution Items", "{486CDB7C-BEDE-48B1-874D-22F0DC7BE854}"
	ProjectSection(SolutionItems) = preProject
		.gitattributes = .gitattributes
		.gitignore = .gitignore
	EndProjectSection
EndProject
Project("{8BC9CEB8-8B4A-11D0-8D11-00A0C91BC942}") = "STL", "STL\STL.vcxproj", "{5CA2FF81-99B9-44F1-8C48-A99622C6DA2D}"
EndProject
Project("{8BC9CEB8-8B4A-11D0-8D11-00A0C91BC942}") = "Operator Overloading", "Operator Overloading\Operator Overloading.vcxproj", "{84CF76A5-4268-4134-848C-69B542CB5DBA}"
EndProject
Project("{8BC9CEB8-8B4A-11D0-8D11-00A0C91BC942}") = "Functions", "Functions\Functions.vcxproj", "{980C5882-EF6F-44DA-B862-27076E770488}"
EndProject
Project("{8BC9CEB8-8B4A-11D0-8D11-00A0C91BC942}") = "Namespaces", "Namespaces\Namespaces.vcxproj", "{61BFB8E8-5A4C-4BE2-A2AC-444BF7654597}"
EndProject
Project("{8BC9CEB8-8B4A-11D0-8D11-00A0C91BC942}") = "VariablesandConstants", "VariablesandConstants\VariablesandConstants.vcxproj", "{31826A77-8654-4E75-AFA5-C73F25ED580B}"
EndProject
Project("{8BC9CEB8-8B4A-11D0-8D11-00A0C91BC942}") = "ArrayAndVectors", "ArrayAndVectors\ArrayAndVectors.vcxproj", "{5A3A3D17-D4F2-482B-BBAC-EB38D2358ABC}"
EndProject
Project("{8BC9CEB8-8B4A-11D0-8D11-00A0C91BC942}") = "ExpressionsAndStatements", "ExpressionsAndStatements\ExpressionsAndStatements.vcxproj", "{2F90B6B9-AB80-4441-9967-17BD184578E4}"
EndProject
Project("{8BC9CEB8-8B4A-11D0-8D11-00A0C91BC942}") = "Experiment", "Experiment\Experiment.vcxproj", "{72EE0E87-7FB1-4066-BB29-40D61602CC0B}"
EndProject
Project("{8BC9CEB8-8B4A-11D0-8D11-00A0C91BC942}") = "Abstraction", "Abstraction\Abstraction.vcxproj", "{CA89065B-BD93-496C-8BEB-34A1358C21DB}"
EndProject
Project("{8BC9CEB8-8B4A-11D0-8D11-00A0C91BC942}") = "Cpp_Advanced", "Cpp_Advanced\Cpp_Advanced.vcxproj", "{9660D8A0-1E91-4E71-9413-D6BDCD8DE4C8}"
EndProject
Project("{8BC9CEB8-8B4A-11D0-8D11-00A0C91BC942}") = "Cpp_Basics", "Cpp_Basics\Cpp_Basics.vcxproj", "{39869E85-28E6-42B9-9A52-DE2B121D79C9}"
EndProject
Project("{8BC9CEB8-8B4A-11D0-8D11-00A0C91BC942}") = "Inheritance", "Inheritance\Inheritance.vcxproj", "{8A945F3B-12CC-42B9-AD8D-EE0A44C7841B}"
EndProject
Project("{8BC9CEB8-8B4A-11D0-8D11-00A0C91BC942}") = "Interface", "Interface\Interface.vcxproj", "{59B967B2-359D-469A-B47C-26E978309BD7}"
EndProject
Project("{8BC9CEB8-8B4A-11D0-8D11-00A0C91BC942}") = "Overloading", "Overloading\Overloading.vcxproj", "{4568F74A-7061-47FD-83AE-18D9F27AC730}"
EndProject
Project("{8BC9CEB8-8B4A-11D0-8D11-00A0C91BC942}") = "Pointers", "Pointers\Pointers.vcxproj", "{5579569D-9E31-46D1-A2A9-158652C4E3DF}"
EndProject
Project("{8BC9CEB8-8B4A-11D0-8D11-00A0C91BC942}") = "Polymorphism", "Polymorphism\Polymorphism.vcxproj", "{FCED053F-C379-491F-809C-F9DC5F77C005}"
EndProject
Project("{8BC9CEB8-8B4A-11D0-8D11-00A0C91BC942}") = "ObjectsAndClasses", "ObjectsAndClasses\ObjectsAndClasses.vcxproj", "{F0442E1D-C233-4F9F-8524-5240B3099932}"
EndProject
Project("{8BC9CEB8-8B4A-11D0-8D11-00A0C91BC942}") = "PreprocessorDirectives", "PreprocessorDirectives\PreprocessorDirectives.vcxproj", "{BA148250-8708-45DF-88F8-0E492C8025FE}"
EndProject
Global
	GlobalSection(SolutionConfigurationPlatforms) = preSolution
		Debug|x64 = Debug|x64
		Debug|x86 = Debug|x86
		Release|x64 = Release|x64
		Release|x86 = Release|x86
	EndGlobalSection
	GlobalSection(ProjectConfigurationPlatforms) = postSolution
		{5CA2FF81-99B9-44F1-8C48-A99622C6DA2D}.Debug|x64.ActiveCfg = Debug|x64
		{5CA2FF81-99B9-44F1-8C48-A99622C6DA2D}.Debug|x64.Build.0 = Debug|x64
		{5CA2FF81-99B9-44F1-8C48-A99622C6DA2D}.Debug|x86.ActiveCfg = Debug|Win32
		{5CA2FF81-99B9-44F1-8C48-A99622C6DA2D}.Debug|x86.Build.0 = Debug|Win32
		{5CA2FF81-99B9-44F1-8C48-A99622C6DA2D}.Release|x64.ActiveCfg = Release|x64
		{5CA2FF81-99B9-44F1-8C48-A99622C6DA2D}.Release|x64.Build.0 = Release|x64
		{5CA2FF81-99B9-44F1-8C48-A99622C6DA2D}.Release|x86.ActiveCfg = Release|Win32
		{5CA2FF81-99B9-44F1-8C48-A99622C6DA2D}.Release|x86.Build.0 = Release|Win32
		{84CF76A5-4268-4134-848C-69B542CB5DBA}.Debug|x64.ActiveCfg = Debug|x64
		{84CF76A5-4268-4134-848C-69B542CB5DBA}.Debug|x64.Build.0 = Debug|x64
		{84CF76A5-4268-4134-848C-69B542CB5DBA}.Debug|x86.ActiveCfg = Debug|Win32
		{84CF76A5-4268-4134-848C-69B542CB5DBA}.Debug|x86.Build.0 = Debug|Win32
		{84CF76A5-4268-4134-848C-69B542CB5DBA}.Release|x64.ActiveCfg = Release|x64
		{84CF76A5-4268-4134-848C-69B542CB5DBA}.Release|x64.Build.0 = Release|x64
		{84CF76A5-4268-4134-848C-69B542CB5DBA}.Release|x86.ActiveCfg = Release|Win32
		{84CF76A5-4268-4134-848C-69B542CB5DBA}.Release|x86.Build.0 = Release|Win32
		{980C5882-EF6F-44DA-B862-27076E770488}.Debug|x64.ActiveCfg = Debug|x64
		{980C5882-EF6F-44DA-B862-27076E770488}.Debug|x64.Build.0 = Debug|x64
		{980C5882-EF6F-44DA-B862-27076E770488}.Debug|x86.ActiveCfg = Debug|Win32
		{980C5882-EF6F-44DA-B862-27076E770488}.Debug|x86.Build.0 = Debug|Win32
		{980C5882-EF6F-44DA-B862-27076E770488}.Release|x64.ActiveCfg = Release|x64
		{980C5882-EF6F-44DA-B862-27076E770488}.Release|x64.Build.0 = Release|x64
		{980C5882-EF6F-44DA-B862-27076E770488}.Release|x86.ActiveCfg = Release|Win32
		{980C5882-EF6F-44DA-B862-27076E770488}.Release|x86.Build.0 = Release|Win32
		{61BFB8E8-5A4C-4BE2-A2AC-444BF7654597}.Debug|x64.ActiveCfg = Debug|x64
		{61BFB8E8-5A4C-4BE2-A2AC-444BF7654597}.Debug|x64.Build.0 = Debug|x64
		{61BFB8E8-5A4C-4BE2-A2AC-444BF7654597}.Debug|x86.ActiveCfg = Debug|Win32
		{61BFB8E8-5A4C-4BE2-A2AC-444BF7654597}.Debug|x86.Build.0 = Debug|Win32
		{61BFB8E8-5A4C-4BE2-A2AC-444BF7654597}.Release|x64.ActiveCfg = Release|x64
		{61BFB8E8-5A4C-4BE2-A2AC-444BF7654597}.Release|x64.Build.0 = Release|x64
		{61BFB8E8-5A4C-4BE2-A2AC-444BF7654597}.Release|x86.ActiveCfg = Release|Win32
		{61BFB8E8-5A4C-4BE2-A2AC-444BF7654597}.Release|x86.Build.0 = Release|Win32
		{31826A77-8654-4E75-AFA5-C73F25ED580B}.Debug|x64.ActiveCfg = Debug|x64
		{31826A77-8654-4E75-AFA5-C73F25ED580B}.Debug|x64.Build.0 = Debug|x64
		{31826A77-8654-4E75-AFA5-C73F25ED580B}.Debug|x86.ActiveCfg = Debug|Win32
		{31826A77-8654-4E75-AFA5-C73F25ED580B}.Debug|x86.Build.0 = Debug|Win32
		{31826A77-8654-4E75-AFA5-C73F25ED580B}.Release|x64.ActiveCfg = Release|x64
		{31826A77-8654-4E75-AFA5-C73F25ED580B}.Release|x64.Build.0 = Release|x64
		{31826A77-8654-4E75-AFA5-C73F25ED580B}.Release|x86.ActiveCfg = Release|Win32
		{31826A77-8654-4E75-AFA5-C73F25ED580B}.Release|x86.Build.0 = Release|Win32
		{5A3A3D17-D4F2-482B-BBAC-EB38D2358ABC}.Debug|x64.ActiveCfg = Debug|x64
		{5A3A3D17-D4F2-482B-BBAC-EB38D2358ABC}.Debug|x64.Build.0 = Debug|x64
		{5A3A3D17-D4F2-482B-BBAC-EB38D2358ABC}.Debug|x86.ActiveCfg = Debug|Win32
		{5A3A3D17-D4F2-482B-BBAC-EB38D2358ABC}.Debug|x86.Build.0 = Debug|Win32
		{5A3A3D17-D4F2-482B-BBAC-EB38D2358ABC}.Release|x64.ActiveCfg = Release|x64
		{5A3A3D17-D4F2-482B-BBAC-EB38D2358ABC}.Release|x64.Build.0 = Release|x64
		{5A3A3D17-D4F2-482B-BBAC-EB38D2358ABC}.Release|x86.ActiveCfg = Release|Win32
		{5A3A3D17-D4F2-482B-BBAC-EB38D2358ABC}.Release|x86.Build.0 = Release|Win32
		{2F90B6B9-AB80-4441-9967-17BD184578E4}.Debug|x64.ActiveCfg = Debug|x64
		{2F90B6B9-AB80-4441-9967-17BD184578E4}.Debug|x64.Build.0 = Debug|x64
		{2F90B6B9-AB80-4441-9967-17BD184578E4}.Debug|x86.ActiveCfg = Debug|Win32
		{2F90B6B9-AB80-4441-9967-17BD184578E4}.Debug|x86.Build.0 = Debug|Win32
		{2F90B6B9-AB80-4441-9967-17BD184578E4}.Release|x64.ActiveCfg = Release|x64
		{2F90B6B9-AB80-4441-9967-17BD184578E4}.Release|x64.Build.0 = Release|x64
		{2F90B6B9-AB80-4441-9967-17BD184578E4}.Release|x86.ActiveCfg = Release|Win32
		{2F90B6B9-AB80-4441-9967-17BD184578E4}.Release|x86.Build.0 = Release|Win32
		{72EE0E87-7FB1-4066-BB29-40D61602CC0B}.Debug|x64.ActiveCfg = Debug|x64
		{72EE0E87-7FB1-4066-BB29-40D61602CC0B}.Debug|x64.Build.0 = Debug|x64
		{72EE0E87-7FB1-4066-BB29-40D61602CC0B}.Debug|x86.ActiveCfg = Debug|Win32
		{72EE0E87-7FB1-4066-BB29-40D61602CC0B}.Debug|x86.Build.0 = Debug|Win32
		{72EE0E87-7FB1-4066-BB29-40D61602CC0B}.Release|x64.ActiveCfg = Release|x64
		{72EE0E87-7FB1-4066-BB29-40D61602CC0B}.Release|x64.Build.0 = Release|x64
		{72EE0E87-7FB1-4066-BB29-40D61602CC0B}.Release|x86.ActiveCfg = Release|Win32
		{72EE0E87-7FB1-4066-BB29-40D61602CC0B}.Release|x86.Build.0 = Release|Win32
		{CA89065B-BD93-496C-8BEB-34A1358C21DB}.Debug|x64.ActiveCfg = Debug|x64
		{CA89065B-BD93-496C-8BEB-34A1358C21DB}.Debug|x64.Build.0 = Debug|x64
		{CA89065B-BD93-496C-8BEB-34A1358C21DB}.Debug|x86.ActiveCfg = Debug|Win32
		{CA89065B-BD93-496C-8BEB-34A1358C21DB}.Debug|x86.Build.0 = Debug|Win32
		{CA89065B-BD93-496C-8BEB-34A1358C21DB}.Release|x64.ActiveCfg = Release|x64
		{CA89065B-BD93-496C-8BEB-34A1358C21DB}.Release|x64.Build.0 = Release|x64
		{CA89065B-BD93-496C-8BEB-34A1358C21DB}.Release|x86.ActiveCfg = Release|Win32
		{CA89065B-BD93-496C-8BEB-34A1358C21DB}.Release|x86.Build.0 = Release|Win32
		{9660D8A0-1E91-4E71-9413-D6BDCD8DE4C8}.Debug|x64.ActiveCfg = Debug|x64
		{9660D8A0-1E91-4E71-9413-D6BDCD8DE4C8}.Debug|x64.Build.0 = Debug|x64
		{9660D8A0-1E91-4E71-9413-D6BDCD8DE4C8}.Debug|x86.ActiveCfg = Debug|Win32
		{9660D8A0-1E91-4E71-9413-D6BDCD8DE4C8}.Debug|x86.Build.0 = Debug|Win32
		{9660D8A0-1E91-4E71-9413-D6BDCD8DE4C8}.Release|x64.ActiveCfg = Release|x64
		{9660D8A0-1E91-4E71-9413-D6BDCD8DE4C8}.Release|x64.Build.0 = Release|x64
		{9660D8A0-1E91-4E71-9413-D6BDCD8DE4C8}.Release|x86.ActiveCfg = Release|Win32
		{9660D8A0-1E91-4E71-9413-D6BDCD8DE4C8}.Release|x86.Build.0 = Release|Win32
		{39869E85-28E6-42B9-9A52-DE2B121D79C9}.Debug|x64.ActiveCfg = Debug|x64
		{39869E85-28E6-42B9-9A52-DE2B121D79C9}.Debug|x64.Build.0 = Debug|x64
		{39869E85-28E6-42B9-9A52-DE2B121D79C9}.Debug|x86.ActiveCfg = Debug|Win32
		{39869E85-28E6-42B9-9A52-DE2B121D79C9}.Debug|x86.Build.0 = Debug|Win32
		{39869E85-28E6-42B9-9A52-DE2B121D79C9}.Release|x64.ActiveCfg = Release|x64
		{39869E85-28E6-42B9-9A52-DE2B121D79C9}.Release|x64.Build.0 = Release|x64
		{39869E85-28E6-42B9-9A52-DE2B121D79C9}.Release|x86.ActiveCfg = Release|Win32
		{39869E85-28E6-42B9-9A52-DE2B121D79C9}.Release|x86.Build.0 = Release|Win32
		{8A945F3B-12CC-42B9-AD8D-EE0A44C7841B}.Debug|x64.ActiveCfg = Debug|x64
		{8A945F3B-12CC-42B9-AD8D-EE0A44C7841B}.Debug|x64.Build.0 = Debug|x64
		{8A945F3B-12CC-42B9-AD8D-EE0A44C7841B}.Debug|x86.ActiveCfg = Debug|Win32
		{8A945F3B-12CC-42B9-AD8D-EE0A44C7841B}.Debug|x86.Build.0 = Debug|Win32
		{8A945F3B-12CC-42B9-AD8D-EE0A44C7841B}.Release|x64.ActiveCfg = Release|x64
		{8A945F3B-12CC-42B9-AD8D-EE0A44C7841B}.Release|x64.Build.0 = Release|x64
		{8A945F3B-12CC-42B9-AD8D-EE0A44C7841B}.Release|x86.ActiveCfg = Release|Win32
		{8A945F3B-12CC-42B9-AD8D-EE0A44C7841B}.Release|x86.Build.0 = Release|Win32
		{59B967B2-359D-469A-B47C-26E978309BD7}.Debug|x64.ActiveCfg = Debug|x64
		{59B967B2-359D-469A-B47C-26E978309BD7}.Debug|x64.Build.0 = Debug|x64
		{59B967B2-359D-469A-B47C-26E978309BD7}.Debug|x86.ActiveCfg = Debug|Win32
		{59B967B2-359D-469A-B47C-26E978309BD7}.Debug|x86.Build.0 = Debug|Win32
		{59B967B2-359D-469A-B47C-26E978309BD7}.Release|x64.ActiveCfg = Release|x64
		{59B967B2-359D-469A-B47C-26E978309BD7}.Release|x64.Build.0 = Release|x64
		{59B967B2-359D-469A-B47C-26E978309BD7}.Release|x86.ActiveCfg = Release|Win32
		{59B967B2-359D-469A-B47C-26E978309BD7}.Release|x86.Build.0 = Release|Win32
		{4568F74A-7061-47FD-83AE-18D9F27AC730}.Debug|x64.ActiveCfg = Debug|x64
		{4568F74A-7061-47FD-83AE-18D9F27AC730}.Debug|x64.Build.0 = Debug|x64
		{4568F74A-7061-47FD-83AE-18D9F27AC730}.Debug|x86.ActiveCfg = Debug|Win32
		{4568F74A-7061-47FD-83AE-18D9F27AC730}.Debug|x86.Build.0 = Debug|Win32
		{4568F74A-7061-47FD-83AE-18D9F27AC730}.Release|x64.ActiveCfg = Release|x64
		{4568F74A-7061-47FD-83AE-18D9F27AC730}.Release|x64.Build.0 = Release|x64
		{4568F74A-7061-47FD-83AE-18D9F27AC730}.Release|x86.ActiveCfg = Release|Win32
		{4568F74A-7061-47FD-83AE-18D9F27AC730}.Release|x86.Build.0 = Release|Win32
		{5579569D-9E31-46D1-A2A9-158652C4E3DF}.Debug|x64.ActiveCfg = Debug|x64
		{5579569D-9E31-46D1-A2A9-158652C4E3DF}.Debug|x64.Build.0 = Debug|x64
		{5579569D-9E31-46D1-A2A9-158652C4E3DF}.Debug|x86.ActiveCfg = Debug|Win32
		{5579569D-9E31-46D1-A2A9-158652C4E3DF}.Debug|x86.Build.0 = Debug|Win32
		{5579569D-9E31-46D1-A2A9-158652C4E3DF}.Release|x64.ActiveCfg = Release|x64
		{5579569D-9E31-46D1-A2A9-158652C4E3DF}.Release|x64.Build.0 = Release|x64
		{5579569D-9E31-46D1-A2A9-158652C4E3DF}.Release|x86.ActiveCfg = Release|Win32
		{5579569D-9E31-46D1-A2A9-158652C4E3DF}.Release|x86.Build.0 = Release|Win32
		{FCED053F-C379-491F-809C-F9DC5F77C005}.Debug|x64.ActiveCfg = Debug|x64
		{FCED053F-C379-491F-809C-F9DC5F77C005}.Debug|x64.Build.0 = Debug|x64
		{FCED053F-C379-491F-809C-F9DC5F77C005}.Debug|x86.ActiveCfg = Debug|Win32
		{FCED053F-C379-491F-809C-F9DC5F77C005}.Debug|x86.Build.0 = Debug|Win32
		{FCED053F-C379-491F-809C-F9DC5F77C005}.Release|x64.ActiveCfg = Release|x64
		{FCED053F-C379-491F-809C-F9DC5F77C005}.Release|x64.Build.0 = Release|x64
		{FCED053F-C379-491F-809C-F9DC5F77C005}.Release|x86.ActiveCfg = Release|Win32
		{FCED053F-C379-491F-809C-F9DC5F77C005}.Release|x86.Build.0 = Release|Win32
		{F0442E1D-C233-4F9F-8524-5240B3099932}.Debug|x64.ActiveCfg = Debug|x64
		{F0442E1D-C233-4F9F-8524-5240B3099932}.Debug|x64.Build.0 = Debug|x64
		{F0442E1D-C233-4F9F-8524-5240B3099932}.Debug|x86.ActiveCfg = Debug|Win32
		{F0442E1D-C233-4F9F-8524-5240B3099932}.Debug|x86.Build.0 = Debug|Win32
		{F0442E1D-C233-4F9F-8524-5240B3099932}.Release|x64.ActiveCfg = Release|x64
		{F0442E1D-C233-4F9F-8524-5240B3099932}.Release|x64.Build.0 = Release|x64
		{F0442E1D-C233-4F9F-8524-5240B3099932}.Release|x86.ActiveCfg = Release|Win32
		{F0442E1D-C233-4F9F-8524-5240B3099932}.Release|x86.Build.0 = Release|Win32
		{BA148250-8708-45DF-88F8-0E492C8025FE}.Debug|x64.ActiveCfg = Debug|x64
		{BA148250-8708-45DF-88F8-0E492C8025FE}.Debug|x64.Build.0 = Debug|x64
		{BA148250-8708-45DF-88F8-0E492C8025FE}.Debug|x86.ActiveCfg = Debug|Win32
		{BA148250-8708-45DF-88F8-0E492C8025FE}.Debug|x86.Build.0 = Debug|Win32
		{BA148250-8708-45DF-88F8-0E492C8025FE}.Release|x64.ActiveCfg = Release|x64
		{BA148250-8708-45DF-88F8-0E492C8025FE}.Release|x64.Build.0 = Release|x64
		{BA148250-8708-45DF-88F8-0E492C8025FE}.Release|x86.ActiveCfg = Release|Win32
		{BA148250-8708-45DF-88F8-0E492C8025FE}.Release|x86.Build.0 = Release|Win32
	EndGlobalSection
	GlobalSection(SolutionProperties) = preSolution
		HideSolutionNode = FALSE
	EndGlobalSection
	GlobalSection(ExtensibilityGlobals) = postSolution
		SolutionGuid = {9A7F5718-3E55-46F8-9315-7F614E25E2F5}
	EndGlobalSection
EndGlobal
