<?xml version="1.0" encoding="utf-8"?>
<Project ToolsVersion="4.0" xmlns="http://schemas.microsoft.com/developer/msbuild/2003">
  <ItemGroup>
    <Filter Include="Source Files">
      <UniqueIdentifier>{4FC737F1-C7A5-4376-A066-2A32D752A2FF}</UniqueIdentifier>
      <Extensions>cpp;c;cc;cxx;c++;cppm;ixx;def;odl;idl;hpj;bat;asm;asmx</Extensions>
    </Filter>
    <Filter Include="Templates">
      <UniqueIdentifier>{9faf41a6-6916-4041-8fb6-13205013b9b8}</UniqueIdentifier>
    </Filter>
    <Filter Include="Templates\Generic Templates">
      <UniqueIdentifier>{4b80a3cf-bf8d-4777-9037-b994e0464a91}</UniqueIdentifier>
    </Filter>
    <Filter Include="Templates\Generic Templates\Generic Class">
      <UniqueIdentifier>{fafd0670-ab36-4c60-93f0-3ce29f85df5e}</UniqueIdentifier>
    </Filter>
    <Filter Include="Templates\Generic Templates\Generic Function">
      <UniqueIdentifier>{af2946e5-aac9-4ef6-830e-e6dcaef562cb}</UniqueIdentifier>
    </Filter>
    <Filter Include="Templates\Specialization">
      <UniqueIdentifier>{25c7aa76-58f1-41b5-8dcd-988e5765de95}</UniqueIdentifier>
    </Filter>
  </ItemGroup>
  <ItemGroup>
    <ClCompile Include="main.cpp">
      <Filter>Source Files</Filter>
    </ClCompile>
    <ClCompile Include="Generic_Class_Template.cpp">
      <Filter>Templates\Generic Templates\Generic Class</Filter>
    </ClCompile>
    <ClCompile Include="Generic_Function_Template.cpp">
      <Filter>Templates\Generic Templates\Generic Function</Filter>
    </ClCompile>
    <ClCompile Include="Template_Class_Specialization.cpp">
      <Filter>Templates\Specialization</Filter>
    </ClCompile>
  </ItemGroup>
  <ItemGroup>
    <ClInclude Include="Generic_Class_Template.hpp">
      <Filter>Templates\Generic Templates\Generic Class</Filter>
    </ClInclude>
    <ClInclude Include="Generic_Function_Template.hpp">
      <Filter>Templates\Generic Templates\Generic Function</Filter>
    </ClInclude>
    <ClInclude Include="Template_Class_Specification.hpp">
      <Filter>Templates\Specialization</Filter>
    </ClInclude>
  </ItemGroup>
</Project>